
Microsoft Visual Studio Solution File, Format Version 12.00
# Visual Studio Version 17
VisualStudioVersion = 17.11.35312.102
MinimumVisualStudioVersion = 10.0.40219.1
Project("{FAE04EC0-301F-11D3-BF4B-00C04F79EFBC}") = "Tokero_Test", "Tokero_Test\Tokero_Test.csproj", "{520236E5-E557-468F-9C13-DDB2BED60CED}"
EndProject
Global
	GlobalSection(SolutionConfigurationPlatforms) = preSolution
		Debug|Any CPU = Debug|Any CPU
		Release|Any CPU = Release|Any CPU
	EndGlobalSection
	GlobalSection(ProjectConfigurationPlatforms) = postSolution
		{520236E5-E557-468F-9C13-DDB2BED60CED}.Debug|Any CPU.ActiveCfg = Debug|Any CPU
		{520236E5-E557-468F-9C13-DDB2BED60CED}.Debug|Any CPU.Build.0 = Debug|Any CPU
		{520236E5-E557-468F-9C13-DDB2BED60CED}.Release|Any CPU.ActiveCfg = Release|Any CPU
		{520236E5-E557-468F-9C13-DDB2BED60CED}.Release|Any CPU.Build.0 = Release|Any CPU
	EndGlobalSection
	GlobalSection(SolutionProperties) = preSolution
		HideSolutionNode = FALSE
	EndGlobalSection
	GlobalSection(ExtensibilityGlobals) = postSolution
		SolutionGuid = {392A4DFF-F19C-4D96-ABFB-0FE3FE4CE04A}
	EndGlobalSection
EndGlobal
